
Microsoft Visual Studio Solution File, Format Version 12.00
# Visual Studio Version 17
VisualStudioVersion = 17.9.34902.65
MinimumVisualStudioVersion = 10.0.40219.1
Project("{2150E333-8FDC-42A3-9474-1A3956D46DE8}") = "WPF", "WPF", "{5FB674CB-59EC-4F7F-8D6A-2BBF7AE9D2E4}"
EndProject
Project("{9A19103F-16F7-4668-BE54-9A1E7A4F7556}") = "WCLApp.Common", "WPF\WCLApp.Common\WCLApp.Common.csproj", "{E0F3991A-DC43-43A9-8337-015A19C66F5C}"
EndProject
Project("{2150E333-8FDC-42A3-9474-1A3956D46DE8}") = "Identity", "Identity", "{2FA90501-B76B-495E-A2EE-BC14B423965B}"
EndProject
Project("{9A19103F-16F7-4668-BE54-9A1E7A4F7556}") = "WCLApp.Controls", "WPF\WCLApp.Controls\WCLApp.Controls.csproj", "{1C7C8E82-AD77-402D-A207-C94DB48F46BE}"
EndProject
Project("{9A19103F-16F7-4668-BE54-9A1E7A4F7556}") = "Identity.API", "Identity\Identity.API\Identity.API.csproj", "{79C84576-69A2-42F2-8931-8CDBC82D26CA}"
EndProject
Project("{9A19103F-16F7-4668-BE54-9A1E7A4F7556}") = "WCLApp", "WPF\WCLApp\WCLApp.csproj", "{D393ACD0-8F8B-4172-A76E-B3694B802503}"
EndProject
Project("{9A19103F-16F7-4668-BE54-9A1E7A4F7556}") = "Identity.Service.Common", "Identity\Identity.Service.Common\Identity.Service.Common.csproj", "{34146172-56E4-439B-B0A0-3E8CCDD5D673}"
EndProject
Project("{2150E333-8FDC-42A3-9474-1A3956D46DE8}") = "Sections", "Sections", "{BDB39E02-26EE-4A59-B15C-868F0E3E4B56}"
EndProject
Project("{9A19103F-16F7-4668-BE54-9A1E7A4F7556}") = "Section1", "Sections\Section1\Section1.csproj", "{956BFFCB-891B-4C32-BEAF-1715460C1F27}"
EndProject
Project("{9A19103F-16F7-4668-BE54-9A1E7A4F7556}") = "Section2", "Sections\Section2\Section2.csproj", "{A6C17845-BFC7-4EE2-B71D-137B6D3B8D61}"
EndProject
Project("{9A19103F-16F7-4668-BE54-9A1E7A4F7556}") = "Identity.Common", "Identity\Identity.Common\Identity.Common.csproj", "{9C0D3D62-4D92-4E52-9CA9-16CCC46EF286}"
EndProject
Global
	GlobalSection(SolutionConfigurationPlatforms) = preSolution
		Debug|Any CPU = Debug|Any CPU
		Release|Any CPU = Release|Any CPU
	EndGlobalSection
	GlobalSection(ProjectConfigurationPlatforms) = postSolution
		{E0F3991A-DC43-43A9-8337-015A19C66F5C}.Debug|Any CPU.ActiveCfg = Debug|Any CPU
		{E0F3991A-DC43-43A9-8337-015A19C66F5C}.Debug|Any CPU.Build.0 = Debug|Any CPU
		{E0F3991A-DC43-43A9-8337-015A19C66F5C}.Release|Any CPU.ActiveCfg = Release|Any CPU
		{E0F3991A-DC43-43A9-8337-015A19C66F5C}.Release|Any CPU.Build.0 = Release|Any CPU
		{1C7C8E82-AD77-402D-A207-C94DB48F46BE}.Debug|Any CPU.ActiveCfg = Debug|Any CPU
		{1C7C8E82-AD77-402D-A207-C94DB48F46BE}.Debug|Any CPU.Build.0 = Debug|Any CPU
		{1C7C8E82-AD77-402D-A207-C94DB48F46BE}.Release|Any CPU.ActiveCfg = Release|Any CPU
		{1C7C8E82-AD77-402D-A207-C94DB48F46BE}.Release|Any CPU.Build.0 = Release|Any CPU
		{79C84576-69A2-42F2-8931-8CDBC82D26CA}.Debug|Any CPU.ActiveCfg = Debug|Any CPU
		{79C84576-69A2-42F2-8931-8CDBC82D26CA}.Debug|Any CPU.Build.0 = Debug|Any CPU
		{79C84576-69A2-42F2-8931-8CDBC82D26CA}.Release|Any CPU.ActiveCfg = Release|Any CPU
		{79C84576-69A2-42F2-8931-8CDBC82D26CA}.Release|Any CPU.Build.0 = Release|Any CPU
		{D393ACD0-8F8B-4172-A76E-B3694B802503}.Debug|Any CPU.ActiveCfg = Debug|Any CPU
		{D393ACD0-8F8B-4172-A76E-B3694B802503}.Debug|Any CPU.Build.0 = Debug|Any CPU
		{D393ACD0-8F8B-4172-A76E-B3694B802503}.Release|Any CPU.ActiveCfg = Release|Any CPU
		{D393ACD0-8F8B-4172-A76E-B3694B802503}.Release|Any CPU.Build.0 = Release|Any CPU
		{34146172-56E4-439B-B0A0-3E8CCDD5D673}.Debug|Any CPU.ActiveCfg = Debug|Any CPU
		{34146172-56E4-439B-B0A0-3E8CCDD5D673}.Debug|Any CPU.Build.0 = Debug|Any CPU
		{34146172-56E4-439B-B0A0-3E8CCDD5D673}.Release|Any CPU.ActiveCfg = Release|Any CPU
		{34146172-56E4-439B-B0A0-3E8CCDD5D673}.Release|Any CPU.Build.0 = Release|Any CPU
		{956BFFCB-891B-4C32-BEAF-1715460C1F27}.Debug|Any CPU.ActiveCfg = Debug|Any CPU
		{956BFFCB-891B-4C32-BEAF-1715460C1F27}.Debug|Any CPU.Build.0 = Debug|Any CPU
		{956BFFCB-891B-4C32-BEAF-1715460C1F27}.Release|Any CPU.ActiveCfg = Release|Any CPU
		{956BFFCB-891B-4C32-BEAF-1715460C1F27}.Release|Any CPU.Build.0 = Release|Any CPU
		{A6C17845-BFC7-4EE2-B71D-137B6D3B8D61}.Debug|Any CPU.ActiveCfg = Debug|Any CPU
		{A6C17845-BFC7-4EE2-B71D-137B6D3B8D61}.Debug|Any CPU.Build.0 = Debug|Any CPU
		{A6C17845-BFC7-4EE2-B71D-137B6D3B8D61}.Release|Any CPU.ActiveCfg = Release|Any CPU
		{A6C17845-BFC7-4EE2-B71D-137B6D3B8D61}.Release|Any CPU.Build.0 = Release|Any CPU
		{9C0D3D62-4D92-4E52-9CA9-16CCC46EF286}.Debug|Any CPU.ActiveCfg = Debug|Any CPU
		{9C0D3D62-4D92-4E52-9CA9-16CCC46EF286}.Debug|Any CPU.Build.0 = Debug|Any CPU
		{9C0D3D62-4D92-4E52-9CA9-16CCC46EF286}.Release|Any CPU.ActiveCfg = Release|Any CPU
		{9C0D3D62-4D92-4E52-9CA9-16CCC46EF286}.Release|Any CPU.Build.0 = Release|Any CPU
	EndGlobalSection
	GlobalSection(SolutionProperties) = preSolution
		HideSolutionNode = FALSE
	EndGlobalSection
	GlobalSection(NestedProjects) = preSolution
		{E0F3991A-DC43-43A9-8337-015A19C66F5C} = {5FB674CB-59EC-4F7F-8D6A-2BBF7AE9D2E4}
		{1C7C8E82-AD77-402D-A207-C94DB48F46BE} = {5FB674CB-59EC-4F7F-8D6A-2BBF7AE9D2E4}
		{79C84576-69A2-42F2-8931-8CDBC82D26CA} = {2FA90501-B76B-495E-A2EE-BC14B423965B}
		{D393ACD0-8F8B-4172-A76E-B3694B802503} = {5FB674CB-59EC-4F7F-8D6A-2BBF7AE9D2E4}
		{34146172-56E4-439B-B0A0-3E8CCDD5D673} = {2FA90501-B76B-495E-A2EE-BC14B423965B}
		{956BFFCB-891B-4C32-BEAF-1715460C1F27} = {BDB39E02-26EE-4A59-B15C-868F0E3E4B56}
		{A6C17845-BFC7-4EE2-B71D-137B6D3B8D61} = {BDB39E02-26EE-4A59-B15C-868F0E3E4B56}
		{9C0D3D62-4D92-4E52-9CA9-16CCC46EF286} = {2FA90501-B76B-495E-A2EE-BC14B423965B}
	EndGlobalSection
	GlobalSection(ExtensibilityGlobals) = postSolution
		SolutionGuid = {FFBC1BBE-F97D-4D59-80EE-9E510C2FE3F0}
	EndGlobalSection
EndGlobal
